// !$*UTF8*$!
{
	archiveVersion = 1;
	classes = {
	};
	objectVersion = 50;
	objects = {

/* Begin PBXBuildFile section */
		755C637924A84E9600127691 /* AppDelegate.swift in Sources */ = {isa = PBXBuildFile; fileRef = 755C637824A84E9600127691 /* AppDelegate.swift */; };
		755C637B24A84E9600127691 /* SceneDelegate.swift in Sources */ = {isa = PBXBuildFile; fileRef = 755C637A24A84E9600127691 /* SceneDelegate.swift */; };
		755C637D24A84E9600127691 /* ViewController.swift in Sources */ = {isa = PBXBuildFile; fileRef = 755C637C24A84E9600127691 /* ViewController.swift */; };
		755C638024A84E9600127691 /* Main.storyboard in Resources */ = {isa = PBXBuildFile; fileRef = 755C637E24A84E9600127691 /* Main.storyboard */; };
		755C638224A84E9A00127691 /* Assets.xcassets in Resources */ = {isa = PBXBuildFile; fileRef = 755C638124A84E9A00127691 /* Assets.xcassets */; };
		755C638524A84E9A00127691 /* LaunchScreen.storyboard in Resources */ = {isa = PBXBuildFile; fileRef = 755C638324A84E9A00127691 /* LaunchScreen.storyboard */; };
		755C638E24A84F9400127691 /* CacheData.swift in Sources */ = {isa = PBXBuildFile; fileRef = 755C638D24A84F9400127691 /* CacheData.swift */; };
		755C639124A84FE800127691 /* ImageModel.swift in Sources */ = {isa = PBXBuildFile; fileRef = 755C639024A84FE800127691 /* ImageModel.swift */; };
		755C639324A84FF700127691 /* FlickrViewModel.swift in Sources */ = {isa = PBXBuildFile; fileRef = 755C639224A84FF700127691 /* FlickrViewModel.swift */; };
		755C639624A850C400127691 /* Constants.swift in Sources */ = {isa = PBXBuildFile; fileRef = 755C639524A850C400127691 /* Constants.swift */; };
		755C639924A8511F00127691 /* Models.swift in Sources */ = {isa = PBXBuildFile; fileRef = 755C639824A8511F00127691 /* Models.swift */; };
		755C639C24A852EE00127691 /* Manager.swift in Sources */ = {isa = PBXBuildFile; fileRef = 755C639B24A852EE00127691 /* Manager.swift */; };
		755C639E24A8533C00127691 /* ImageDownloadManager.swift in Sources */ = {isa = PBXBuildFile; fileRef = 755C639D24A8533C00127691 /* ImageDownloadManager.swift */; };
		755C63A224A8538700127691 /* ImageDownloadOperation.swift in Sources */ = {isa = PBXBuildFile; fileRef = 755C63A124A8538700127691 /* ImageDownloadOperation.swift */; };
		755C63A424A853B300127691 /* Reachability.swift in Sources */ = {isa = PBXBuildFile; fileRef = 755C63A324A853B300127691 /* Reachability.swift */; };
		755C63A624A853E400127691 /* Request.swift in Sources */ = {isa = PBXBuildFile; fileRef = 755C63A524A853E400127691 /* Request.swift */; };
		755C63A924A8540900127691 /* GCD.swift in Sources */ = {isa = PBXBuildFile; fileRef = 755C63A824A8540900127691 /* GCD.swift */; };
		755C63AB24A8544800127691 /* Result.swift in Sources */ = {isa = PBXBuildFile; fileRef = 755C63AA24A8544800127691 /* Result.swift */; };
		755C63AD24A8545600127691 /* Extensions.swift in Sources */ = {isa = PBXBuildFile; fileRef = 755C63AC24A8545600127691 /* Extensions.swift */; };
		755C63B124A854B000127691 /* ImageCollectionViewCell.swift in Sources */ = {isa = PBXBuildFile; fileRef = 755C63AF24A854B000127691 /* ImageCollectionViewCell.swift */; };
		755C63B224A854B000127691 /* ImageCollectionViewCell.xib in Resources */ = {isa = PBXBuildFile; fileRef = 755C63B024A854B000127691 /* ImageCollectionViewCell.xib */; };
		755C63B524A8551C00127691 /* FlickrSearchServices.swift in Sources */ = {isa = PBXBuildFile; fileRef = 755C63B424A8551C00127691 /* FlickrSearchServices.swift */; };
		755C63B724A8556D00127691 /* RequestConfig.swift in Sources */ = {isa = PBXBuildFile; fileRef = 755C63B624A8556D00127691 /* RequestConfig.swift */; };
/* End PBXBuildFile section */

/* Begin PBXFileReference section */
		755C637524A84E9600127691 /* FlickrSearch.app */ = {isa = PBXFileReference; explicitFileType = wrapper.application; includeInIndex = 0; path = FlickrSearch.app; sourceTree = BUILT_PRODUCTS_DIR; };
		755C637824A84E9600127691 /* AppDelegate.swift */ = {isa = PBXFileReference; lastKnownFileType = sourcecode.swift; path = AppDelegate.swift; sourceTree = "<group>"; };
		755C637A24A84E9600127691 /* SceneDelegate.swift */ = {isa = PBXFileReference; lastKnownFileType = sourcecode.swift; path = SceneDelegate.swift; sourceTree = "<group>"; };
		755C637C24A84E9600127691 /* ViewController.swift */ = {isa = PBXFileReference; lastKnownFileType = sourcecode.swift; path = ViewController.swift; sourceTree = "<group>"; };
		755C637F24A84E9600127691 /* Base */ = {isa = PBXFileReference; lastKnownFileType = file.storyboard; name = Base; path = Base.lproj/Main.storyboard; sourceTree = "<group>"; };
		755C638124A84E9A00127691 /* Assets.xcassets */ = {isa = PBXFileReference; lastKnownFileType = folder.assetcatalog; path = Assets.xcassets; sourceTree = "<group>"; };
		755C638424A84E9A00127691 /* Base */ = {isa = PBXFileReference; lastKnownFileType = file.storyboard; name = Base; path = Base.lproj/LaunchScreen.storyboard; sourceTree = "<group>"; };
		755C638624A84E9A00127691 /* Info.plist */ = {isa = PBXFileReference; lastKnownFileType = text.plist.xml; path = Info.plist; sourceTree = "<group>"; };
		755C638D24A84F9400127691 /* CacheData.swift */ = {isa = PBXFileReference; lastKnownFileType = sourcecode.swift; path = CacheData.swift; sourceTree = "<group>"; };
		755C639024A84FE800127691 /* ImageModel.swift */ = {isa = PBXFileReference; lastKnownFileType = sourcecode.swift; path = ImageModel.swift; sourceTree = "<group>"; };
		755C639224A84FF700127691 /* FlickrViewModel.swift */ = {isa = PBXFileReference; lastKnownFileType = sourcecode.swift; path = FlickrViewModel.swift; sourceTree = "<group>"; };
		755C639524A850C400127691 /* Constants.swift */ = {isa = PBXFileReference; lastKnownFileType = sourcecode.swift; path = Constants.swift; sourceTree = "<group>"; };
		755C639824A8511F00127691 /* Models.swift */ = {isa = PBXFileReference; lastKnownFileType = sourcecode.swift; path = Models.swift; sourceTree = "<group>"; };
		755C639B24A852EE00127691 /* Manager.swift */ = {isa = PBXFileReference; lastKnownFileType = sourcecode.swift; path = Manager.swift; sourceTree = "<group>"; };
		755C639D24A8533C00127691 /* ImageDownloadManager.swift */ = {isa = PBXFileReference; lastKnownFileType = sourcecode.swift; path = ImageDownloadManager.swift; sourceTree = "<group>"; };
		755C63A124A8538700127691 /* ImageDownloadOperation.swift */ = {isa = PBXFileReference; lastKnownFileType = sourcecode.swift; path = ImageDownloadOperation.swift; sourceTree = "<group>"; };
		755C63A324A853B300127691 /* Reachability.swift */ = {isa = PBXFileReference; lastKnownFileType = sourcecode.swift; path = Reachability.swift; sourceTree = "<group>"; };
		755C63A524A853E400127691 /* Request.swift */ = {isa = PBXFileReference; lastKnownFileType = sourcecode.swift; path = Request.swift; sourceTree = "<group>"; };
		755C63A824A8540900127691 /* GCD.swift */ = {isa = PBXFileReference; lastKnownFileType = sourcecode.swift; path = GCD.swift; sourceTree = "<group>"; };
		755C63AA24A8544800127691 /* Result.swift */ = {isa = PBXFileReference; lastKnownFileType = sourcecode.swift; path = Result.swift; sourceTree = "<group>"; };
		755C63AC24A8545600127691 /* Extensions.swift */ = {isa = PBXFileReference; lastKnownFileType = sourcecode.swift; path = Extensions.swift; sourceTree = "<group>"; };
		755C63AF24A854B000127691 /* ImageCollectionViewCell.swift */ = {isa = PBXFileReference; lastKnownFileType = sourcecode.swift; path = ImageCollectionViewCell.swift; sourceTree = "<group>"; };
		755C63B024A854B000127691 /* ImageCollectionViewCell.xib */ = {isa = PBXFileReference; lastKnownFileType = file.xib; path = ImageCollectionViewCell.xib; sourceTree = "<group>"; };
		755C63B424A8551C00127691 /* FlickrSearchServices.swift */ = {isa = PBXFileReference; lastKnownFileType = sourcecode.swift; path = FlickrSearchServices.swift; sourceTree = "<group>"; };
		755C63B624A8556D00127691 /* RequestConfig.swift */ = {isa = PBXFileReference; lastKnownFileType = sourcecode.swift; path = RequestConfig.swift; sourceTree = "<group>"; };
/* End PBXFileReference section */

/* Begin PBXFrameworksBuildPhase section */
		755C637224A84E9600127691 /* Frameworks */ = {
			isa = PBXFrameworksBuildPhase;
			buildActionMask = 2147483647;
			files = (
			);
			runOnlyForDeploymentPostprocessing = 0;
		};
/* End PBXFrameworksBuildPhase section */

/* Begin PBXGroup section */
		755C636C24A84E9500127691 = {
			isa = PBXGroup;
			children = (
				755C637724A84E9600127691 /* FlickrSearch */,
				755C637624A84E9600127691 /* Products */,
			);
			sourceTree = "<group>";
		};
		755C637624A84E9600127691 /* Products */ = {
			isa = PBXGroup;
			children = (
				755C637524A84E9600127691 /* FlickrSearch.app */,
			);
			name = Products;
			sourceTree = "<group>";
		};
		755C637724A84E9600127691 /* FlickrSearch */ = {
			isa = PBXGroup;
			children = (
				755C63A724A853F500127691 /* GeneralUtilities */,
				755C63AE24A8549300127691 /* View */,
				755C639A24A852DC00127691 /* Network */,
				755C638C24A84F7B00127691 /* Data Cache */,
				755C638F24A84FCF00127691 /* ViewModels */,
				755C639424A850B100127691 /* Constants */,
				755C639724A8510300127691 /* Models */,
				755C637824A84E9600127691 /* AppDelegate.swift */,
				755C637A24A84E9600127691 /* SceneDelegate.swift */,
				755C637C24A84E9600127691 /* ViewController.swift */,
				755C637E24A84E9600127691 /* Main.storyboard */,
				755C638124A84E9A00127691 /* Assets.xcassets */,
				755C638324A84E9A00127691 /* LaunchScreen.storyboard */,
				755C638624A84E9A00127691 /* Info.plist */,
			);
			path = FlickrSearch;
			sourceTree = "<group>";
		};
		755C638C24A84F7B00127691 /* Data Cache */ = {
			isa = PBXGroup;
			children = (
				755C638D24A84F9400127691 /* CacheData.swift */,
			);
			path = "Data Cache";
			sourceTree = "<group>";
		};
		755C638F24A84FCF00127691 /* ViewModels */ = {
			isa = PBXGroup;
			children = (
				755C639024A84FE800127691 /* ImageModel.swift */,
				755C639224A84FF700127691 /* FlickrViewModel.swift */,
			);
			path = ViewModels;
			sourceTree = "<group>";
		};
		755C639424A850B100127691 /* Constants */ = {
			isa = PBXGroup;
			children = (
				755C639524A850C400127691 /* Constants.swift */,
			);
			path = Constants;
			sourceTree = "<group>";
		};
		755C639724A8510300127691 /* Models */ = {
			isa = PBXGroup;
			children = (
				755C639824A8511F00127691 /* Models.swift */,
			);
			path = Models;
			sourceTree = "<group>";
		};
		755C639A24A852DC00127691 /* Network */ = {
			isa = PBXGroup;
			children = (
				755C63B324A8550A00127691 /* Services */,
				755C639B24A852EE00127691 /* Manager.swift */,
				755C639D24A8533C00127691 /* ImageDownloadManager.swift */,
				755C63A124A8538700127691 /* ImageDownloadOperation.swift */,
				755C63A324A853B300127691 /* Reachability.swift */,
				755C63A524A853E400127691 /* Request.swift */,
			);
			path = Network;
			sourceTree = "<group>";
		};
		755C63A724A853F500127691 /* GeneralUtilities */ = {
			isa = PBXGroup;
			children = (
				755C63A824A8540900127691 /* GCD.swift */,
				755C63AA24A8544800127691 /* Result.swift */,
				755C63AC24A8545600127691 /* Extensions.swift */,
			);
			path = GeneralUtilities;
			sourceTree = "<group>";
		};
		755C63AE24A8549300127691 /* View */ = {
			isa = PBXGroup;
			children = (
				755C63AF24A854B000127691 /* ImageCollectionViewCell.swift */,
				755C63B024A854B000127691 /* ImageCollectionViewCell.xib */,
			);
			path = View;
			sourceTree = "<group>";
		};
		755C63B324A8550A00127691 /* Services */ = {
			isa = PBXGroup;
			children = (
				755C63B424A8551C00127691 /* FlickrSearchServices.swift */,
				755C63B624A8556D00127691 /* RequestConfig.swift */,
			);
			path = Services;
			sourceTree = "<group>";
		};
/* End PBXGroup section */

/* Begin PBXNativeTarget section */
		755C637424A84E9600127691 /* FlickrSearch */ = {
			isa = PBXNativeTarget;
			buildConfigurationList = 755C638924A84E9A00127691 /* Build configuration list for PBXNativeTarget "FlickrSearch" */;
			buildPhases = (
				755C637124A84E9600127691 /* Sources */,
				755C637224A84E9600127691 /* Frameworks */,
				755C637324A84E9600127691 /* Resources */,
			);
			buildRules = (
			);
			dependencies = (
			);
			name = FlickrSearch;
			productName = FlickrSearch;
			productReference = 755C637524A84E9600127691 /* FlickrSearch.app */;
			productType = "com.apple.product-type.application";
		};
/* End PBXNativeTarget section */

/* Begin PBXProject section */
		755C636D24A84E9500127691 /* Project object */ = {
			isa = PBXProject;
			attributes = {
				LastSwiftUpdateCheck = 1110;
				LastUpgradeCheck = 1110;
				ORGANIZATIONNAME = Nivesh;
				TargetAttributes = {
					755C637424A84E9600127691 = {
						CreatedOnToolsVersion = 11.1;
					};
				};
			};
			buildConfigurationList = 755C637024A84E9500127691 /* Build configuration list for PBXProject "FlickrSearch" */;
			compatibilityVersion = "Xcode 9.3";
			developmentRegion = en;
			hasScannedForEncodings = 0;
			knownRegions = (
				en,
				Base,
			);
			mainGroup = 755C636C24A84E9500127691;
			productRefGroup = 755C637624A84E9600127691 /* Products */;
			projectDirPath = "";
			projectRoot = "";
			targets = (
				755C637424A84E9600127691 /* FlickrSearch */,
			);
		};
/* End PBXProject section */

/* Begin PBXResourcesBuildPhase section */
		755C637324A84E9600127691 /* Resources */ = {
			isa = PBXResourcesBuildPhase;
			buildActionMask = 2147483647;
			files = (
				755C638524A84E9A00127691 /* LaunchScreen.storyboard in Resources */,
				755C638224A84E9A00127691 /* Assets.xcassets in Resources */,
				755C63B224A854B000127691 /* ImageCollectionViewCell.xib in Resources */,
				755C638024A84E9600127691 /* Main.storyboard in Resources */,
			);
			runOnlyForDeploymentPostprocessing = 0;
		};
/* End PBXResourcesBuildPhase section */

/* Begin PBXSourcesBuildPhase section */
		755C637124A84E9600127691 /* Sources */ = {
			isa = PBXSourcesBuildPhase;
			buildActionMask = 2147483647;
			files = (
				755C63B124A854B000127691 /* ImageCollectionViewCell.swift in Sources */,
				755C63A924A8540900127691 /* GCD.swift in Sources */,
				755C638E24A84F9400127691 /* CacheData.swift in Sources */,
				755C63A624A853E400127691 /* Request.swift in Sources */,
				755C639324A84FF700127691 /* FlickrViewModel.swift in Sources */,
				755C63A424A853B300127691 /* Reachability.swift in Sources */,
				755C63B524A8551C00127691 /* FlickrSearchServices.swift in Sources */,
				755C639124A84FE800127691 /* ImageModel.swift in Sources */,
				755C63AB24A8544800127691 /* Result.swift in Sources */,
				755C639E24A8533C00127691 /* ImageDownloadManager.swift in Sources */,
				755C639924A8511F00127691 /* Models.swift in Sources */,
				755C63A224A8538700127691 /* ImageDownloadOperation.swift in Sources */,
				755C637D24A84E9600127691 /* ViewController.swift in Sources */,
				755C63AD24A8545600127691 /* Extensions.swift in Sources */,
				755C639624A850C400127691 /* Constants.swift in Sources */,
				755C637924A84E9600127691 /* AppDelegate.swift in Sources */,
				755C63B724A8556D00127691 /* RequestConfig.swift in Sources */,
				755C639C24A852EE00127691 /* Manager.swift in Sources */,
				755C637B24A84E9600127691 /* SceneDelegate.swift in Sources */,
			);
			runOnlyForDeploymentPostprocessing = 0;
		};
/* End PBXSourcesBuildPhase section */

/* Begin PBXVariantGroup section */
		755C637E24A84E9600127691 /* Main.storyboard */ = {
			isa = PBXVariantGroup;
			children = (
				755C637F24A84E9600127691 /* Base */,
			);
			name = Main.storyboard;
			sourceTree = "<group>";
		};
		755C638324A84E9A00127691 /* LaunchScreen.storyboard */ = {
			isa = PBXVariantGroup;
			children = (
				755C638424A84E9A00127691 /* Base */,
			);
			name = LaunchScreen.storyboard;
			sourceTree = "<group>";
		};
/* End PBXVariantGroup section */

/* Begin XCBuildConfiguration section */
		755C638724A84E9A00127691 /* Debug */ = {
			isa = XCBuildConfiguration;
			buildSettings = {
				ALWAYS_SEARCH_USER_PATHS = NO;
				CLANG_ANALYZER_NONNULL = YES;
				CLANG_ANALYZER_NUMBER_OBJECT_CONVERSION = YES_AGGRESSIVE;
				CLANG_CXX_LANGUAGE_STANDARD = "gnu++14";
				CLANG_CXX_LIBRARY = "libc++";
				CLANG_ENABLE_MODULES = YES;
				CLANG_ENABLE_OBJC_ARC = YES;
				CLANG_ENABLE_OBJC_WEAK = YES;
				CLANG_WARN_BLOCK_CAPTURE_AUTORELEASING = YES;
				CLANG_WARN_BOOL_CONVERSION = YES;
				CLANG_WARN_COMMA = YES;
				CLANG_WARN_CONSTANT_CONVERSION = YES;
				CLANG_WARN_DEPRECATED_OBJC_IMPLEMENTATIONS = YES;
				CLANG_WARN_DIRECT_OBJC_ISA_USAGE = YES_ERROR;
				CLANG_WARN_DOCUMENTATION_COMMENTS = YES;
				CLANG_WARN_EMPTY_BODY = YES;
				CLANG_WARN_ENUM_CONVERSION = YES;
				CLANG_WARN_INFINITE_RECURSION = YES;
				CLANG_WARN_INT_CONVERSION = YES;
				CLANG_WARN_NON_LITERAL_NULL_CONVERSION = YES;
				CLANG_WARN_OBJC_IMPLICIT_RETAIN_SELF = YES;
				CLANG_WARN_OBJC_LITERAL_CONVERSION = YES;
				CLANG_WARN_OBJC_ROOT_CLASS = YES_ERROR;
				CLANG_WARN_RANGE_LOOP_ANALYSIS = YES;
				CLANG_WARN_STRICT_PROTOTYPES = YES;
				CLANG_WARN_SUSPICIOUS_MOVE = YES;
				CLANG_WARN_UNGUARDED_AVAILABILITY = YES_AGGRESSIVE;
				CLANG_WARN_UNREACHABLE_CODE = YES;
				CLANG_WARN__DUPLICATE_METHOD_MATCH = YES;
				COPY_PHASE_STRIP = NO;
				DEBUG_INFORMATION_FORMAT = dwarf;
				ENABLE_STRICT_OBJC_MSGSEND = YES;
				ENABLE_TESTABILITY = YES;
				GCC_C_LANGUAGE_STANDARD = gnu11;
				GCC_DYNAMIC_NO_PIC = NO;
				GCC_NO_COMMON_BLOCKS = YES;
				GCC_OPTIMIZATION_LEVEL = 0;
				GCC_PREPROCESSOR_DEFINITIONS = (
					"DEBUG=1",
					"$(inherited)",
				);
				GCC_WARN_64_TO_32_BIT_CONVERSION = YES;
				GCC_WARN_ABOUT_RETURN_TYPE = YES_ERROR;
				GCC_WARN_UNDECLARED_SELECTOR = YES;
				GCC_WARN_UNINITIALIZED_AUTOS = YES_AGGRESSIVE;
				GCC_WARN_UNUSED_FUNCTION = YES;
				GCC_WARN_UNUSED_VARIABLE = YES;
				IPHONEOS_DEPLOYMENT_TARGET = 13.1;
				MTL_ENABLE_DEBUG_INFO = INCLUDE_SOURCE;
				MTL_FAST_MATH = YES;
				ONLY_ACTIVE_ARCH = YES;
				SDKROOT = iphoneos;
				SWIFT_ACTIVE_COMPILATION_CONDITIONS = DEBUG;
				SWIFT_OPTIMIZATION_LEVEL = "-Onone";
			};
			name = Debug;
		};
		755C638824A84E9A00127691 /* Release */ = {
			isa = XCBuildConfiguration;
			buildSettings = {
				ALWAYS_SEARCH_USER_PATHS = NO;
				CLANG_ANALYZER_NONNULL = YES;
				CLANG_ANALYZER_NUMBER_OBJECT_CONVERSION = YES_AGGRESSIVE;
				CLANG_CXX_LANGUAGE_STANDARD = "gnu++14";
				CLANG_CXX_LIBRARY = "libc++";
				CLANG_ENABLE_MODULES = YES;
				CLANG_ENABLE_OBJC_ARC = YES;
				CLANG_ENABLE_OBJC_WEAK = YES;
				CLANG_WARN_BLOCK_CAPTURE_AUTORELEASING = YES;
				CLANG_WARN_BOOL_CONVERSION = YES;
				CLANG_WARN_COMMA = YES;
				CLANG_WARN_CONSTANT_CONVERSION = YES;
				CLANG_WARN_DEPRECATED_OBJC_IMPLEMENTATIONS = YES;
				CLANG_WARN_DIRECT_OBJC_ISA_USAGE = YES_ERROR;
				CLANG_WARN_DOCUMENTATION_COMMENTS = YES;
				CLANG_WARN_EMPTY_BODY = YES;
				CLANG_WARN_ENUM_CONVERSION = YES;
				CLANG_WARN_INFINITE_RECURSION = YES;
				CLANG_WARN_INT_CONVERSION = YES;
				CLANG_WARN_NON_LITERAL_NULL_CONVERSION = YES;
				CLANG_WARN_OBJC_IMPLICIT_RETAIN_SELF = YES;
				CLANG_WARN_OBJC_LITERAL_CONVERSION = YES;
				CLANG_WARN_OBJC_ROOT_CLASS = YES_ERROR;
				CLANG_WARN_RANGE_LOOP_ANALYSIS = YES;
				CLANG_WARN_STRICT_PROTOTYPES = YES;
				CLANG_WARN_SUSPICIOUS_MOVE = YES;
				CLANG_WARN_UNGUARDED_AVAILABILITY = YES_AGGRESSIVE;
				CLANG_WARN_UNREACHABLE_CODE = YES;
				CLANG_WARN__DUPLICATE_METHOD_MATCH = YES;
				COPY_PHASE_STRIP = NO;
				DEBUG_INFORMATION_FORMAT = "dwarf-with-dsym";
				ENABLE_NS_ASSERTIONS = NO;
				ENABLE_STRICT_OBJC_MSGSEND = YES;
				GCC_C_LANGUAGE_STANDARD = gnu11;
				GCC_NO_COMMON_BLOCKS = YES;
				GCC_WARN_64_TO_32_BIT_CONVERSION = YES;
				GCC_WARN_ABOUT_RETURN_TYPE = YES_ERROR;
				GCC_WARN_UNDECLARED_SELECTOR = YES;
				GCC_WARN_UNINITIALIZED_AUTOS = YES_AGGRESSIVE;
				GCC_WARN_UNUSED_FUNCTION = YES;
				GCC_WARN_UNUSED_VARIABLE = YES;
				IPHONEOS_DEPLOYMENT_TARGET = 13.1;
				MTL_ENABLE_DEBUG_INFO = NO;
				MTL_FAST_MATH = YES;
				SDKROOT = iphoneos;
				SWIFT_COMPILATION_MODE = wholemodule;
				SWIFT_OPTIMIZATION_LEVEL = "-O";
				VALIDATE_PRODUCT = YES;
			};
			name = Release;
		};
		755C638A24A84E9A00127691 /* Debug */ = {
			isa = XCBuildConfiguration;
			buildSettings = {
				ASSETCATALOG_COMPILER_APPICON_NAME = AppIcon;
				CODE_SIGN_STYLE = Automatic;
				DEVELOPMENT_TEAM = 66DQ3Q39RD;
				INFOPLIST_FILE = FlickrSearch/Info.plist;
				LD_RUNPATH_SEARCH_PATHS = (
					"$(inherited)",
					"@executable_path/Frameworks",
				);
				PRODUCT_BUNDLE_IDENTIFIER = com.challenge.FlickrSearch;
				PRODUCT_NAME = "$(TARGET_NAME)";
				SWIFT_VERSION = 5.0;
				TARGETED_DEVICE_FAMILY = "1,2";
			};
			name = Debug;
		};
		755C638B24A84E9A00127691 /* Release */ = {
			isa = XCBuildConfiguration;
			buildSettings = {
				ASSETCATALOG_COMPILER_APPICON_NAME = AppIcon;
				CODE_SIGN_STYLE = Automatic;
				DEVELOPMENT_TEAM = 66DQ3Q39RD;
				INFOPLIST_FILE = FlickrSearch/Info.plist;
				LD_RUNPATH_SEARCH_PATHS = (
					"$(inherited)",
					"@executable_path/Frameworks",
				);
				PRODUCT_BUNDLE_IDENTIFIER = com.challenge.FlickrSearch;
				PRODUCT_NAME = "$(TARGET_NAME)";
				SWIFT_VERSION = 5.0;
				TARGETED_DEVICE_FAMILY = "1,2";
			};
			name = Release;
		};
/* End XCBuildConfiguration section */

/* Begin XCConfigurationList section */
		755C637024A84E9500127691 /* Build configuration list for PBXProject "FlickrSearch" */ = {
			isa = XCConfigurationList;
			buildConfigurations = (
				755C638724A84E9A00127691 /* Debug */,
				755C638824A84E9A00127691 /* Release */,
			);
			defaultConfigurationIsVisible = 0;
			defaultConfigurationName = Release;
		};
		755C638924A84E9A00127691 /* Build configuration list for PBXNativeTarget "FlickrSearch" */ = {
			isa = XCConfigurationList;
			buildConfigurations = (
				755C638A24A84E9A00127691 /* Debug */,
				755C638B24A84E9A00127691 /* Release */,
			);
			defaultConfigurationIsVisible = 0;
			defaultConfigurationName = Release;
		};
/* End XCConfigurationList section */
	};
	rootObject = 755C636D24A84E9500127691 /* Project object */;
}
